
Microsoft Visual Studio Solution File, Format Version 12.00
# Visual Studio Version 16
VisualStudioVersion = 16.0.30204.135
MinimumVisualStudioVersion = 10.0.40219.1
Project("{9A19103F-16F7-4668-BE54-9A1E7A4F7556}") = "WebsitePhoneDoAn1", "WebsitePhoneDoAn1\WebsitePhoneDoAn1.csproj", "{AE004C3B-09AD-4E43-9C32-C78A676AD35E}"
EndProject
Global
	GlobalSection(SolutionConfigurationPlatforms) = preSolution
		Debug|Any CPU = Debug|Any CPU
		Release|Any CPU = Release|Any CPU
	EndGlobalSection
	GlobalSection(ProjectConfigurationPlatforms) = postSolution
		{AE004C3B-09AD-4E43-9C32-C78A676AD35E}.Debug|Any CPU.ActiveCfg = Debug|Any CPU
		{AE004C3B-09AD-4E43-9C32-C78A676AD35E}.Debug|Any CPU.Build.0 = Debug|Any CPU
		{AE004C3B-09AD-4E43-9C32-C78A676AD35E}.Release|Any CPU.ActiveCfg = Release|Any CPU
		{AE004C3B-09AD-4E43-9C32-C78A676AD35E}.Release|Any CPU.Build.0 = Release|Any CPU
	EndGlobalSection
	GlobalSection(SolutionProperties) = preSolution
		HideSolutionNode = FALSE
	EndGlobalSection
	GlobalSection(ExtensibilityGlobals) = postSolution
		SolutionGuid = {5CD10AA2-B337-438D-A7FA-AEF1472720E8}
	EndGlobalSection
EndGlobal
